
Microsoft Visual Studio Solution File, Format Version 12.00
# Visual Studio Version 17
VisualStudioVersion = 17.5.002.0
MinimumVisualStudioVersion = 10.0.40219.1
Project("{2150E333-8FDC-42A3-9474-1A3956D46DE8}") = "Labfiles", "Labfiles", "{0E90AF8F-5D27-4A97-A79A-78F9E6432A4B}"
EndProject
Project("{2150E333-8FDC-42A3-9474-1A3956D46DE8}") = "01-analyze-text", "01-analyze-text", "{5C7BC948-6075-4CD4-9DD1-2AE0E977D783}"
EndProject
Project("{2150E333-8FDC-42A3-9474-1A3956D46DE8}") = "C-Sharp", "C-Sharp", "{007C222D-3F50-45F7-8D81-10CEC4C7EDFE}"
EndProject
Project("{9A19103F-16F7-4668-BE54-9A1E7A4F7556}") = "text-analysis", "Labfiles\01-analyze-text\C-Sharp\text-analysis\text-analysis.csproj", "{34EE7360-1B9A-45AB-91CA-2333E5FB03E2}"
EndProject
Project("{2150E333-8FDC-42A3-9474-1A3956D46DE8}") = "02-qna", "02-qna", "{457B8AF7-B96B-4015-81EB-F766FAB5CFB5}"
EndProject
Project("{2150E333-8FDC-42A3-9474-1A3956D46DE8}") = "C-Sharp", "C-Sharp", "{29524DC3-7326-4DEE-8107-D848F60D6912}"
EndProject
Project("{9A19103F-16F7-4668-BE54-9A1E7A4F7556}") = "qna-app", "Labfiles\02-qna\C-Sharp\qna-app\qna-app.csproj", "{1D33E85A-E593-4282-8551-CC001C61CD8E}"
EndProject
Project("{2150E333-8FDC-42A3-9474-1A3956D46DE8}") = "03-language", "03-language", "{FF7BAF74-C8F3-4039-972B-3312B3733E3D}"
EndProject
Project("{2150E333-8FDC-42A3-9474-1A3956D46DE8}") = "C-Sharp", "C-Sharp", "{7A1B9811-56D9-4C45-8D4D-884B395C372F}"
EndProject
Project("{9A19103F-16F7-4668-BE54-9A1E7A4F7556}") = "clock_client", "Labfiles\03-language\C-Sharp\clock-client\clock_client.csproj", "{B6CBC7FD-3A90-43AC-B05E-3FABCDC145E5}"
EndProject
Project("{2150E333-8FDC-42A3-9474-1A3956D46DE8}") = "04-text-classification", "04-text-classification", "{2A52E5DA-A22A-4BFF-92D4-29B4F0B96803}"
EndProject
Project("{2150E333-8FDC-42A3-9474-1A3956D46DE8}") = "C-Sharp", "C-Sharp", "{AAEC1D86-BC87-457B-9CA8-68EF95BB3F86}"
EndProject
Project("{9A19103F-16F7-4668-BE54-9A1E7A4F7556}") = "classify-text", "Labfiles\04-text-classification\C-Sharp\classify-text\classify-text.csproj", "{7621A227-C618-44E3-A4C1-A14EE731A162}"
EndProject
Project("{2150E333-8FDC-42A3-9474-1A3956D46DE8}") = "05-custom-entity-recognition", "05-custom-entity-recognition", "{DF612D55-7AE5-480A-8A55-28281CEFA910}"
EndProject
Project("{2150E333-8FDC-42A3-9474-1A3956D46DE8}") = "C-Sharp", "C-Sharp", "{6C3DCAF7-614B-4F08-A4C5-3BF6F3725F5C}"
EndProject
Project("{9A19103F-16F7-4668-BE54-9A1E7A4F7556}") = "custom-entities", "Labfiles\05-custom-entity-recognition\C-Sharp\custom-entities\custom-entities.csproj", "{87057B70-39D6-4D8C-9373-458FC42004CB}"
EndProject
Project("{2150E333-8FDC-42A3-9474-1A3956D46DE8}") = "06-translate-text", "06-translate-text", "{6939E2D7-0BE1-4569-8371-30D4520F32FF}"
EndProject
Project("{2150E333-8FDC-42A3-9474-1A3956D46DE8}") = "C-Sharp", "C-Sharp", "{28111D83-555A-4BB3-9B10-3C665B30357F}"
EndProject
Project("{9A19103F-16F7-4668-BE54-9A1E7A4F7556}") = "translate_text", "Labfiles\06-translate-text\C-Sharp\text-translation\translate_text.csproj", "{F118554B-2BF4-4310-B97A-AE61263FBEC7}"
EndProject
Project("{2150E333-8FDC-42A3-9474-1A3956D46DE8}") = "06b-translator-sdk", "06b-translator-sdk", "{8AF7CCD2-49BB-4652-8090-8E6CEBCCC4FF}"
EndProject
Project("{2150E333-8FDC-42A3-9474-1A3956D46DE8}") = "C-Sharp", "C-Sharp", "{4341165A-D0C7-4FE8-944D-F69E865E0997}"
EndProject
Project("{9A19103F-16F7-4668-BE54-9A1E7A4F7556}") = "translate_text", "Labfiles\06b-translator-sdk\C-Sharp\translate-text\translate_text.csproj", "{CE37180E-2667-44A8-854E-461563F7A901}"
EndProject
Project("{2150E333-8FDC-42A3-9474-1A3956D46DE8}") = "07-speech", "07-speech", "{08B312C2-EF5F-4783-8E4A-84A6ACBB9D91}"
EndProject
Project("{2150E333-8FDC-42A3-9474-1A3956D46DE8}") = "C-Sharp", "C-Sharp", "{4D380A5B-8BBA-434C-BFA2-3A39005D71C2}"
EndProject
Project("{9A19103F-16F7-4668-BE54-9A1E7A4F7556}") = "speaking-clock", "Labfiles\07-speech\C-Sharp\speaking-clock\speaking-clock.csproj", "{EECE8DEE-AA65-423A-81DC-1D0BAF2E4A32}"
EndProject
Project("{2150E333-8FDC-42A3-9474-1A3956D46DE8}") = "08-speech-translation", "08-speech-translation", "{F23973E6-A8DC-4F4F-9D77-84B217CE2515}"
EndProject
Project("{2150E333-8FDC-42A3-9474-1A3956D46DE8}") = "C-Sharp", "C-Sharp", "{F8BA72CF-8480-46CC-A8E5-84AAC178DD00}"
EndProject
Project("{9A19103F-16F7-4668-BE54-9A1E7A4F7556}") = "translator", "Labfiles\08-speech-translation\C-Sharp\translator\translator.csproj", "{964CAAD3-0541-49C6-88BB-26E3105F27C7}"
EndProject
Global
	GlobalSection(SolutionConfigurationPlatforms) = preSolution
		Debug|Any CPU = Debug|Any CPU
		Release|Any CPU = Release|Any CPU
	EndGlobalSection
	GlobalSection(ProjectConfigurationPlatforms) = postSolution
		{34EE7360-1B9A-45AB-91CA-2333E5FB03E2}.Debug|Any CPU.ActiveCfg = Debug|Any CPU
		{34EE7360-1B9A-45AB-91CA-2333E5FB03E2}.Debug|Any CPU.Build.0 = Debug|Any CPU
		{34EE7360-1B9A-45AB-91CA-2333E5FB03E2}.Release|Any CPU.ActiveCfg = Release|Any CPU
		{34EE7360-1B9A-45AB-91CA-2333E5FB03E2}.Release|Any CPU.Build.0 = Release|Any CPU
		{1D33E85A-E593-4282-8551-CC001C61CD8E}.Debug|Any CPU.ActiveCfg = Debug|Any CPU
		{1D33E85A-E593-4282-8551-CC001C61CD8E}.Debug|Any CPU.Build.0 = Debug|Any CPU
		{1D33E85A-E593-4282-8551-CC001C61CD8E}.Release|Any CPU.ActiveCfg = Release|Any CPU
		{1D33E85A-E593-4282-8551-CC001C61CD8E}.Release|Any CPU.Build.0 = Release|Any CPU
		{B6CBC7FD-3A90-43AC-B05E-3FABCDC145E5}.Debug|Any CPU.ActiveCfg = Debug|Any CPU
		{B6CBC7FD-3A90-43AC-B05E-3FABCDC145E5}.Debug|Any CPU.Build.0 = Debug|Any CPU
		{B6CBC7FD-3A90-43AC-B05E-3FABCDC145E5}.Release|Any CPU.ActiveCfg = Release|Any CPU
		{B6CBC7FD-3A90-43AC-B05E-3FABCDC145E5}.Release|Any CPU.Build.0 = Release|Any CPU
		{7621A227-C618-44E3-A4C1-A14EE731A162}.Debug|Any CPU.ActiveCfg = Debug|Any CPU
		{7621A227-C618-44E3-A4C1-A14EE731A162}.Debug|Any CPU.Build.0 = Debug|Any CPU
		{7621A227-C618-44E3-A4C1-A14EE731A162}.Release|Any CPU.ActiveCfg = Release|Any CPU
		{7621A227-C618-44E3-A4C1-A14EE731A162}.Release|Any CPU.Build.0 = Release|Any CPU
		{87057B70-39D6-4D8C-9373-458FC42004CB}.Debug|Any CPU.ActiveCfg = Debug|Any CPU
		{87057B70-39D6-4D8C-9373-458FC42004CB}.Debug|Any CPU.Build.0 = Debug|Any CPU
		{87057B70-39D6-4D8C-9373-458FC42004CB}.Release|Any CPU.ActiveCfg = Release|Any CPU
		{87057B70-39D6-4D8C-9373-458FC42004CB}.Release|Any CPU.Build.0 = Release|Any CPU
		{F118554B-2BF4-4310-B97A-AE61263FBEC7}.Debug|Any CPU.ActiveCfg = Debug|Any CPU
		{F118554B-2BF4-4310-B97A-AE61263FBEC7}.Debug|Any CPU.Build.0 = Debug|Any CPU
		{F118554B-2BF4-4310-B97A-AE61263FBEC7}.Release|Any CPU.ActiveCfg = Release|Any CPU
		{F118554B-2BF4-4310-B97A-AE61263FBEC7}.Release|Any CPU.Build.0 = Release|Any CPU
		{CE37180E-2667-44A8-854E-461563F7A901}.Debug|Any CPU.ActiveCfg = Debug|Any CPU
		{CE37180E-2667-44A8-854E-461563F7A901}.Debug|Any CPU.Build.0 = Debug|Any CPU
		{CE37180E-2667-44A8-854E-461563F7A901}.Release|Any CPU.ActiveCfg = Release|Any CPU
		{CE37180E-2667-44A8-854E-461563F7A901}.Release|Any CPU.Build.0 = Release|Any CPU
		{EECE8DEE-AA65-423A-81DC-1D0BAF2E4A32}.Debug|Any CPU.ActiveCfg = Debug|Any CPU
		{EECE8DEE-AA65-423A-81DC-1D0BAF2E4A32}.Debug|Any CPU.Build.0 = Debug|Any CPU
		{EECE8DEE-AA65-423A-81DC-1D0BAF2E4A32}.Release|Any CPU.ActiveCfg = Release|Any CPU
		{EECE8DEE-AA65-423A-81DC-1D0BAF2E4A32}.Release|Any CPU.Build.0 = Release|Any CPU
		{964CAAD3-0541-49C6-88BB-26E3105F27C7}.Debug|Any CPU.ActiveCfg = Debug|Any CPU
		{964CAAD3-0541-49C6-88BB-26E3105F27C7}.Debug|Any CPU.Build.0 = Debug|Any CPU
		{964CAAD3-0541-49C6-88BB-26E3105F27C7}.Release|Any CPU.ActiveCfg = Release|Any CPU
		{964CAAD3-0541-49C6-88BB-26E3105F27C7}.Release|Any CPU.Build.0 = Release|Any CPU
	EndGlobalSection
	GlobalSection(SolutionProperties) = preSolution
		HideSolutionNode = FALSE
	EndGlobalSection
	GlobalSection(NestedProjects) = preSolution
		{5C7BC948-6075-4CD4-9DD1-2AE0E977D783} = {0E90AF8F-5D27-4A97-A79A-78F9E6432A4B}
		{007C222D-3F50-45F7-8D81-10CEC4C7EDFE} = {5C7BC948-6075-4CD4-9DD1-2AE0E977D783}
		{34EE7360-1B9A-45AB-91CA-2333E5FB03E2} = {007C222D-3F50-45F7-8D81-10CEC4C7EDFE}
		{457B8AF7-B96B-4015-81EB-F766FAB5CFB5} = {0E90AF8F-5D27-4A97-A79A-78F9E6432A4B}
		{29524DC3-7326-4DEE-8107-D848F60D6912} = {457B8AF7-B96B-4015-81EB-F766FAB5CFB5}
		{1D33E85A-E593-4282-8551-CC001C61CD8E} = {29524DC3-7326-4DEE-8107-D848F60D6912}
		{FF7BAF74-C8F3-4039-972B-3312B3733E3D} = {0E90AF8F-5D27-4A97-A79A-78F9E6432A4B}
		{7A1B9811-56D9-4C45-8D4D-884B395C372F} = {FF7BAF74-C8F3-4039-972B-3312B3733E3D}
		{B6CBC7FD-3A90-43AC-B05E-3FABCDC145E5} = {7A1B9811-56D9-4C45-8D4D-884B395C372F}
		{2A52E5DA-A22A-4BFF-92D4-29B4F0B96803} = {0E90AF8F-5D27-4A97-A79A-78F9E6432A4B}
		{AAEC1D86-BC87-457B-9CA8-68EF95BB3F86} = {2A52E5DA-A22A-4BFF-92D4-29B4F0B96803}
		{7621A227-C618-44E3-A4C1-A14EE731A162} = {AAEC1D86-BC87-457B-9CA8-68EF95BB3F86}
		{DF612D55-7AE5-480A-8A55-28281CEFA910} = {0E90AF8F-5D27-4A97-A79A-78F9E6432A4B}
		{6C3DCAF7-614B-4F08-A4C5-3BF6F3725F5C} = {DF612D55-7AE5-480A-8A55-28281CEFA910}
		{87057B70-39D6-4D8C-9373-458FC42004CB} = {6C3DCAF7-614B-4F08-A4C5-3BF6F3725F5C}
		{6939E2D7-0BE1-4569-8371-30D4520F32FF} = {0E90AF8F-5D27-4A97-A79A-78F9E6432A4B}
		{28111D83-555A-4BB3-9B10-3C665B30357F} = {6939E2D7-0BE1-4569-8371-30D4520F32FF}
		{F118554B-2BF4-4310-B97A-AE61263FBEC7} = {28111D83-555A-4BB3-9B10-3C665B30357F}
		{8AF7CCD2-49BB-4652-8090-8E6CEBCCC4FF} = {0E90AF8F-5D27-4A97-A79A-78F9E6432A4B}
		{4341165A-D0C7-4FE8-944D-F69E865E0997} = {8AF7CCD2-49BB-4652-8090-8E6CEBCCC4FF}
		{CE37180E-2667-44A8-854E-461563F7A901} = {4341165A-D0C7-4FE8-944D-F69E865E0997}
		{08B312C2-EF5F-4783-8E4A-84A6ACBB9D91} = {0E90AF8F-5D27-4A97-A79A-78F9E6432A4B}
		{4D380A5B-8BBA-434C-BFA2-3A39005D71C2} = {08B312C2-EF5F-4783-8E4A-84A6ACBB9D91}
		{EECE8DEE-AA65-423A-81DC-1D0BAF2E4A32} = {4D380A5B-8BBA-434C-BFA2-3A39005D71C2}
		{F23973E6-A8DC-4F4F-9D77-84B217CE2515} = {0E90AF8F-5D27-4A97-A79A-78F9E6432A4B}
		{F8BA72CF-8480-46CC-A8E5-84AAC178DD00} = {F23973E6-A8DC-4F4F-9D77-84B217CE2515}
		{964CAAD3-0541-49C6-88BB-26E3105F27C7} = {F8BA72CF-8480-46CC-A8E5-84AAC178DD00}
	EndGlobalSection
	GlobalSection(ExtensibilityGlobals) = postSolution
		SolutionGuid = {27C0EA21-911E-4785-BD2B-B54A1F7ECAF1}
	EndGlobalSection
EndGlobal
