
Microsoft Visual Studio Solution File, Format Version 12.00
# Visual Studio Version 17
VisualStudioVersion = 17.5.002.0
MinimumVisualStudioVersion = 10.0.40219.1
Project("{2150E333-8FDC-42A3-9474-1A3956D46DE8}") = "Labfiles", "Labfiles", "{261C1DDB-F3C5-458D-A2FD-E799C62EB5AD}"
EndProject
Project("{2150E333-8FDC-42A3-9474-1A3956D46DE8}") = "01-analyze-text", "01-analyze-text", "{6263F5F2-B5E9-4426-8090-F45BAA769B4C}"
EndProject
Project("{2150E333-8FDC-42A3-9474-1A3956D46DE8}") = "C-Sharp", "C-Sharp", "{D918C6DA-9B8B-4B56-858F-B07058A72269}"
EndProject
Project("{9A19103F-16F7-4668-BE54-9A1E7A4F7556}") = "text-analysis", "Labfiles\01-analyze-text\C-Sharp\text-analysis\text-analysis.csproj", "{33CE82E7-ADC8-426E-ADC6-F671DCE80577}"
EndProject
Project("{2150E333-8FDC-42A3-9474-1A3956D46DE8}") = "02-qna", "02-qna", "{30A14487-A935-47EC-9A20-D19DC8C67165}"
EndProject
Project("{2150E333-8FDC-42A3-9474-1A3956D46DE8}") = "C-Sharp", "C-Sharp", "{196897A7-9974-4B66-AAB8-7E7B687EEEE5}"
EndProject
Project("{9A19103F-16F7-4668-BE54-9A1E7A4F7556}") = "qna-app", "Labfiles\02-qna\C-Sharp\qna-app\qna-app.csproj", "{7A5F976A-C0DB-401D-BBFA-2B4518BEB130}"
EndProject
Project("{2150E333-8FDC-42A3-9474-1A3956D46DE8}") = "03-language", "03-language", "{C320A1ED-418E-4106-9545-5331D713F0B6}"
EndProject
Project("{2150E333-8FDC-42A3-9474-1A3956D46DE8}") = "C-Sharp", "C-Sharp", "{D01B6B2D-0011-4393-B4E5-7CACC4657D28}"
EndProject
Project("{9A19103F-16F7-4668-BE54-9A1E7A4F7556}") = "clock_client", "Labfiles\03-language\C-Sharp\clock-client\clock_client.csproj", "{C9BA4518-C888-41DF-A10F-ACE01E8B4615}"
EndProject
Project("{2150E333-8FDC-42A3-9474-1A3956D46DE8}") = "04-text-classification", "04-text-classification", "{82AF6FF3-B329-4312-9FF7-651565E21CAD}"
EndProject
Project("{2150E333-8FDC-42A3-9474-1A3956D46DE8}") = "C-Sharp", "C-Sharp", "{54D63C59-5B04-4B02-A805-D1BAF15D7B46}"
EndProject
Project("{9A19103F-16F7-4668-BE54-9A1E7A4F7556}") = "classify-text", "Labfiles\04-text-classification\C-Sharp\classify-text\classify-text.csproj", "{CB685903-441A-41E1-B4BB-D056FB53D9B2}"
EndProject
Project("{2150E333-8FDC-42A3-9474-1A3956D46DE8}") = "05-custom-entity-recognition", "05-custom-entity-recognition", "{0CD35017-CDF5-44D5-8DD3-EBED83D52F9C}"
EndProject
Project("{2150E333-8FDC-42A3-9474-1A3956D46DE8}") = "C-Sharp", "C-Sharp", "{73D4A80A-3FB1-4E2C-BFEA-3E2AE6093A32}"
EndProject
Project("{9A19103F-16F7-4668-BE54-9A1E7A4F7556}") = "custom-entities", "Labfiles\05-custom-entity-recognition\C-Sharp\custom-entities\custom-entities.csproj", "{FE200D46-B56C-4857-844B-6460240F23BD}"
EndProject
Project("{2150E333-8FDC-42A3-9474-1A3956D46DE8}") = "06-translate-text", "06-translate-text", "{96CBDDBE-4751-4FA4-B6E5-2C2A25ABE1A7}"
EndProject
Project("{2150E333-8FDC-42A3-9474-1A3956D46DE8}") = "C-Sharp", "C-Sharp", "{E6C7FE5F-3C09-42DC-ACD5-FE8AA96A43BD}"
EndProject
Project("{9A19103F-16F7-4668-BE54-9A1E7A4F7556}") = "translate_text", "Labfiles\06-translate-text\C-Sharp\text-translation\translate_text.csproj", "{60A31F76-00F8-46E5-84E8-2EBFD338DE4D}"
EndProject
Project("{2150E333-8FDC-42A3-9474-1A3956D46DE8}") = "06b-translator-sdk", "06b-translator-sdk", "{50D9F993-13BD-484D-B43E-F8527644B119}"
EndProject
Project("{2150E333-8FDC-42A3-9474-1A3956D46DE8}") = "C-Sharp", "C-Sharp", "{187E68AF-EED8-4938-B59B-932990B36F6B}"
EndProject
Project("{9A19103F-16F7-4668-BE54-9A1E7A4F7556}") = "translate_text", "Labfiles\06b-translator-sdk\C-Sharp\translate-text\translate_text.csproj", "{659FC56B-0FC7-4970-94B7-26FEFA1829ED}"
EndProject
Project("{2150E333-8FDC-42A3-9474-1A3956D46DE8}") = "07-speech", "07-speech", "{20E000EC-22DA-4290-BBB1-9FC3B18ACC57}"
EndProject
Project("{2150E333-8FDC-42A3-9474-1A3956D46DE8}") = "C-Sharp", "C-Sharp", "{268A4561-28CA-4A73-BE6C-BB25111779D7}"
EndProject
Project("{9A19103F-16F7-4668-BE54-9A1E7A4F7556}") = "speaking-clock", "Labfiles\07-speech\C-Sharp\speaking-clock\speaking-clock.csproj", "{97F8D288-9EA9-4E35-9725-E8A6968CB6F1}"
EndProject
Project("{2150E333-8FDC-42A3-9474-1A3956D46DE8}") = "08-speech-translation", "08-speech-translation", "{AE3E72F8-B96A-4C5D-8DB9-85674DC9D752}"
EndProject
Project("{2150E333-8FDC-42A3-9474-1A3956D46DE8}") = "C-Sharp", "C-Sharp", "{15DF6BE2-754D-4B0E-BD75-4805D8421F30}"
EndProject
Project("{9A19103F-16F7-4668-BE54-9A1E7A4F7556}") = "translator", "Labfiles\08-speech-translation\C-Sharp\translator\translator.csproj", "{728F9CE9-020F-435E-9E8B-7A025FCDC682}"
EndProject
Global
	GlobalSection(SolutionConfigurationPlatforms) = preSolution
		Debug|Any CPU = Debug|Any CPU
		Release|Any CPU = Release|Any CPU
	EndGlobalSection
	GlobalSection(ProjectConfigurationPlatforms) = postSolution
		{33CE82E7-ADC8-426E-ADC6-F671DCE80577}.Debug|Any CPU.ActiveCfg = Debug|Any CPU
		{33CE82E7-ADC8-426E-ADC6-F671DCE80577}.Debug|Any CPU.Build.0 = Debug|Any CPU
		{33CE82E7-ADC8-426E-ADC6-F671DCE80577}.Release|Any CPU.ActiveCfg = Release|Any CPU
		{33CE82E7-ADC8-426E-ADC6-F671DCE80577}.Release|Any CPU.Build.0 = Release|Any CPU
		{7A5F976A-C0DB-401D-BBFA-2B4518BEB130}.Debug|Any CPU.ActiveCfg = Debug|Any CPU
		{7A5F976A-C0DB-401D-BBFA-2B4518BEB130}.Debug|Any CPU.Build.0 = Debug|Any CPU
		{7A5F976A-C0DB-401D-BBFA-2B4518BEB130}.Release|Any CPU.ActiveCfg = Release|Any CPU
		{7A5F976A-C0DB-401D-BBFA-2B4518BEB130}.Release|Any CPU.Build.0 = Release|Any CPU
		{C9BA4518-C888-41DF-A10F-ACE01E8B4615}.Debug|Any CPU.ActiveCfg = Debug|Any CPU
		{C9BA4518-C888-41DF-A10F-ACE01E8B4615}.Debug|Any CPU.Build.0 = Debug|Any CPU
		{C9BA4518-C888-41DF-A10F-ACE01E8B4615}.Release|Any CPU.ActiveCfg = Release|Any CPU
		{C9BA4518-C888-41DF-A10F-ACE01E8B4615}.Release|Any CPU.Build.0 = Release|Any CPU
		{CB685903-441A-41E1-B4BB-D056FB53D9B2}.Debug|Any CPU.ActiveCfg = Debug|Any CPU
		{CB685903-441A-41E1-B4BB-D056FB53D9B2}.Debug|Any CPU.Build.0 = Debug|Any CPU
		{CB685903-441A-41E1-B4BB-D056FB53D9B2}.Release|Any CPU.ActiveCfg = Release|Any CPU
		{CB685903-441A-41E1-B4BB-D056FB53D9B2}.Release|Any CPU.Build.0 = Release|Any CPU
		{FE200D46-B56C-4857-844B-6460240F23BD}.Debug|Any CPU.ActiveCfg = Debug|Any CPU
		{FE200D46-B56C-4857-844B-6460240F23BD}.Debug|Any CPU.Build.0 = Debug|Any CPU
		{FE200D46-B56C-4857-844B-6460240F23BD}.Release|Any CPU.ActiveCfg = Release|Any CPU
		{FE200D46-B56C-4857-844B-6460240F23BD}.Release|Any CPU.Build.0 = Release|Any CPU
		{60A31F76-00F8-46E5-84E8-2EBFD338DE4D}.Debug|Any CPU.ActiveCfg = Debug|Any CPU
		{60A31F76-00F8-46E5-84E8-2EBFD338DE4D}.Debug|Any CPU.Build.0 = Debug|Any CPU
		{60A31F76-00F8-46E5-84E8-2EBFD338DE4D}.Release|Any CPU.ActiveCfg = Release|Any CPU
		{60A31F76-00F8-46E5-84E8-2EBFD338DE4D}.Release|Any CPU.Build.0 = Release|Any CPU
		{659FC56B-0FC7-4970-94B7-26FEFA1829ED}.Debug|Any CPU.ActiveCfg = Debug|Any CPU
		{659FC56B-0FC7-4970-94B7-26FEFA1829ED}.Debug|Any CPU.Build.0 = Debug|Any CPU
		{659FC56B-0FC7-4970-94B7-26FEFA1829ED}.Release|Any CPU.ActiveCfg = Release|Any CPU
		{659FC56B-0FC7-4970-94B7-26FEFA1829ED}.Release|Any CPU.Build.0 = Release|Any CPU
		{97F8D288-9EA9-4E35-9725-E8A6968CB6F1}.Debug|Any CPU.ActiveCfg = Debug|Any CPU
		{97F8D288-9EA9-4E35-9725-E8A6968CB6F1}.Debug|Any CPU.Build.0 = Debug|Any CPU
		{97F8D288-9EA9-4E35-9725-E8A6968CB6F1}.Release|Any CPU.ActiveCfg = Release|Any CPU
		{97F8D288-9EA9-4E35-9725-E8A6968CB6F1}.Release|Any CPU.Build.0 = Release|Any CPU
		{728F9CE9-020F-435E-9E8B-7A025FCDC682}.Debug|Any CPU.ActiveCfg = Debug|Any CPU
		{728F9CE9-020F-435E-9E8B-7A025FCDC682}.Debug|Any CPU.Build.0 = Debug|Any CPU
		{728F9CE9-020F-435E-9E8B-7A025FCDC682}.Release|Any CPU.ActiveCfg = Release|Any CPU
		{728F9CE9-020F-435E-9E8B-7A025FCDC682}.Release|Any CPU.Build.0 = Release|Any CPU
	EndGlobalSection
	GlobalSection(SolutionProperties) = preSolution
		HideSolutionNode = FALSE
	EndGlobalSection
	GlobalSection(NestedProjects) = preSolution
		{6263F5F2-B5E9-4426-8090-F45BAA769B4C} = {261C1DDB-F3C5-458D-A2FD-E799C62EB5AD}
		{D918C6DA-9B8B-4B56-858F-B07058A72269} = {6263F5F2-B5E9-4426-8090-F45BAA769B4C}
		{33CE82E7-ADC8-426E-ADC6-F671DCE80577} = {D918C6DA-9B8B-4B56-858F-B07058A72269}
		{30A14487-A935-47EC-9A20-D19DC8C67165} = {261C1DDB-F3C5-458D-A2FD-E799C62EB5AD}
		{196897A7-9974-4B66-AAB8-7E7B687EEEE5} = {30A14487-A935-47EC-9A20-D19DC8C67165}
		{7A5F976A-C0DB-401D-BBFA-2B4518BEB130} = {196897A7-9974-4B66-AAB8-7E7B687EEEE5}
		{C320A1ED-418E-4106-9545-5331D713F0B6} = {261C1DDB-F3C5-458D-A2FD-E799C62EB5AD}
		{D01B6B2D-0011-4393-B4E5-7CACC4657D28} = {C320A1ED-418E-4106-9545-5331D713F0B6}
		{C9BA4518-C888-41DF-A10F-ACE01E8B4615} = {D01B6B2D-0011-4393-B4E5-7CACC4657D28}
		{82AF6FF3-B329-4312-9FF7-651565E21CAD} = {261C1DDB-F3C5-458D-A2FD-E799C62EB5AD}
		{54D63C59-5B04-4B02-A805-D1BAF15D7B46} = {82AF6FF3-B329-4312-9FF7-651565E21CAD}
		{CB685903-441A-41E1-B4BB-D056FB53D9B2} = {54D63C59-5B04-4B02-A805-D1BAF15D7B46}
		{0CD35017-CDF5-44D5-8DD3-EBED83D52F9C} = {261C1DDB-F3C5-458D-A2FD-E799C62EB5AD}
		{73D4A80A-3FB1-4E2C-BFEA-3E2AE6093A32} = {0CD35017-CDF5-44D5-8DD3-EBED83D52F9C}
		{FE200D46-B56C-4857-844B-6460240F23BD} = {73D4A80A-3FB1-4E2C-BFEA-3E2AE6093A32}
		{96CBDDBE-4751-4FA4-B6E5-2C2A25ABE1A7} = {261C1DDB-F3C5-458D-A2FD-E799C62EB5AD}
		{E6C7FE5F-3C09-42DC-ACD5-FE8AA96A43BD} = {96CBDDBE-4751-4FA4-B6E5-2C2A25ABE1A7}
		{60A31F76-00F8-46E5-84E8-2EBFD338DE4D} = {E6C7FE5F-3C09-42DC-ACD5-FE8AA96A43BD}
		{50D9F993-13BD-484D-B43E-F8527644B119} = {261C1DDB-F3C5-458D-A2FD-E799C62EB5AD}
		{187E68AF-EED8-4938-B59B-932990B36F6B} = {50D9F993-13BD-484D-B43E-F8527644B119}
		{659FC56B-0FC7-4970-94B7-26FEFA1829ED} = {187E68AF-EED8-4938-B59B-932990B36F6B}
		{20E000EC-22DA-4290-BBB1-9FC3B18ACC57} = {261C1DDB-F3C5-458D-A2FD-E799C62EB5AD}
		{268A4561-28CA-4A73-BE6C-BB25111779D7} = {20E000EC-22DA-4290-BBB1-9FC3B18ACC57}
		{97F8D288-9EA9-4E35-9725-E8A6968CB6F1} = {268A4561-28CA-4A73-BE6C-BB25111779D7}
		{AE3E72F8-B96A-4C5D-8DB9-85674DC9D752} = {261C1DDB-F3C5-458D-A2FD-E799C62EB5AD}
		{15DF6BE2-754D-4B0E-BD75-4805D8421F30} = {AE3E72F8-B96A-4C5D-8DB9-85674DC9D752}
		{728F9CE9-020F-435E-9E8B-7A025FCDC682} = {15DF6BE2-754D-4B0E-BD75-4805D8421F30}
	EndGlobalSection
	GlobalSection(ExtensibilityGlobals) = postSolution
		SolutionGuid = {2388114E-EFE5-46B1-8136-CF533459894E}
	EndGlobalSection
EndGlobal
