
Microsoft Visual Studio Solution File, Format Version 12.00
# Visual Studio Version 17
VisualStudioVersion = 17.5.002.0
MinimumVisualStudioVersion = 10.0.40219.1
Project("{2150E333-8FDC-42A3-9474-1A3956D46DE8}") = "Labfiles", "Labfiles", "{F5C0FF28-834E-4C7F-97F8-D3AFAAC0C0C2}"
EndProject
Project("{2150E333-8FDC-42A3-9474-1A3956D46DE8}") = "01-analyze-text", "01-analyze-text", "{136A8647-6ACB-4E4A-8D3D-BE4521C6480B}"
EndProject
Project("{2150E333-8FDC-42A3-9474-1A3956D46DE8}") = "C-Sharp", "C-Sharp", "{11E5D39F-B101-4814-973E-8C4B83C2F295}"
EndProject
Project("{9A19103F-16F7-4668-BE54-9A1E7A4F7556}") = "text-analysis", "Labfiles\01-analyze-text\C-Sharp\text-analysis\text-analysis.csproj", "{34875A28-3B6D-450F-946E-E65BF3E111AD}"
EndProject
Project("{2150E333-8FDC-42A3-9474-1A3956D46DE8}") = "02-qna", "02-qna", "{3A5F823D-B59D-45EB-BC45-EF40463F62F8}"
EndProject
Project("{2150E333-8FDC-42A3-9474-1A3956D46DE8}") = "C-Sharp", "C-Sharp", "{CB068502-02D5-4A09-BE17-E3CFD3E5ADDB}"
EndProject
Project("{9A19103F-16F7-4668-BE54-9A1E7A4F7556}") = "qna-app", "Labfiles\02-qna\C-Sharp\qna-app\qna-app.csproj", "{5E58FD83-A1D7-4D64-B681-AE7ADD4D7545}"
EndProject
Project("{2150E333-8FDC-42A3-9474-1A3956D46DE8}") = "03-language", "03-language", "{BAE839BB-723C-4737-A0DF-7EE928C430C4}"
EndProject
Project("{2150E333-8FDC-42A3-9474-1A3956D46DE8}") = "C-Sharp", "C-Sharp", "{0949FD13-A394-4066-94D9-95A0EB50513A}"
EndProject
Project("{9A19103F-16F7-4668-BE54-9A1E7A4F7556}") = "clock_client", "Labfiles\03-language\C-Sharp\clock-client\clock_client.csproj", "{FF8E0641-5F83-4AED-83C8-1BEDAAA7BA80}"
EndProject
Project("{2150E333-8FDC-42A3-9474-1A3956D46DE8}") = "04-text-classification", "04-text-classification", "{D876A495-D7F2-448F-805C-2341C4241D6E}"
EndProject
Project("{2150E333-8FDC-42A3-9474-1A3956D46DE8}") = "C-Sharp", "C-Sharp", "{DD1F7792-7FD6-4FEB-A7CD-C35B0DA7CB6C}"
EndProject
Project("{9A19103F-16F7-4668-BE54-9A1E7A4F7556}") = "classify-text", "Labfiles\04-text-classification\C-Sharp\classify-text\classify-text.csproj", "{05728443-7A5E-4C1B-AB25-F5D64CF54A85}"
EndProject
Project("{2150E333-8FDC-42A3-9474-1A3956D46DE8}") = "05-custom-entity-recognition", "05-custom-entity-recognition", "{3433C65F-B7D1-4D48-A11F-9E249BC4B476}"
EndProject
Project("{2150E333-8FDC-42A3-9474-1A3956D46DE8}") = "C-Sharp", "C-Sharp", "{45535B44-88CF-474A-963E-537D83C6BDB1}"
EndProject
Project("{9A19103F-16F7-4668-BE54-9A1E7A4F7556}") = "custom-entities", "Labfiles\05-custom-entity-recognition\C-Sharp\custom-entities\custom-entities.csproj", "{BF504BFB-14F6-4987-A9CF-D39F5633A52A}"
EndProject
Project("{2150E333-8FDC-42A3-9474-1A3956D46DE8}") = "06-translate-text", "06-translate-text", "{2E1B3C2C-10FA-4AC3-BE42-58A1B9D07869}"
EndProject
Project("{2150E333-8FDC-42A3-9474-1A3956D46DE8}") = "C-Sharp", "C-Sharp", "{18E88E4F-8E41-4827-9010-63DC9D7B1473}"
EndProject
Project("{9A19103F-16F7-4668-BE54-9A1E7A4F7556}") = "translate_text", "Labfiles\06-translate-text\C-Sharp\text-translation\translate_text.csproj", "{B77C8178-2A79-43BE-9C10-E972CB5076E5}"
EndProject
Project("{2150E333-8FDC-42A3-9474-1A3956D46DE8}") = "06b-translator-sdk", "06b-translator-sdk", "{66D12E46-B782-4A9F-8024-272EDEFD0C03}"
EndProject
Project("{2150E333-8FDC-42A3-9474-1A3956D46DE8}") = "C-Sharp", "C-Sharp", "{F82EB98D-2056-4020-8200-367F53151AE0}"
EndProject
Project("{9A19103F-16F7-4668-BE54-9A1E7A4F7556}") = "translate_text", "Labfiles\06b-translator-sdk\C-Sharp\translate-text\translate_text.csproj", "{5476E8E7-B6DD-4712-BE4C-7F89DC5A8AD1}"
EndProject
Project("{2150E333-8FDC-42A3-9474-1A3956D46DE8}") = "07-speech", "07-speech", "{25D53A17-7B57-4A08-802E-51A9B16C2A9C}"
EndProject
Project("{2150E333-8FDC-42A3-9474-1A3956D46DE8}") = "C-Sharp", "C-Sharp", "{2FB0BB23-6CCC-49DB-A41A-E5D5F8205386}"
EndProject
Project("{9A19103F-16F7-4668-BE54-9A1E7A4F7556}") = "speaking-clock", "Labfiles\07-speech\C-Sharp\speaking-clock\speaking-clock.csproj", "{48163781-6904-45D4-AFCE-68277A06715A}"
EndProject
Project("{2150E333-8FDC-42A3-9474-1A3956D46DE8}") = "08-speech-translation", "08-speech-translation", "{776BDBF1-39DF-4C20-A52D-BC5B4CE06D91}"
EndProject
Project("{2150E333-8FDC-42A3-9474-1A3956D46DE8}") = "C-Sharp", "C-Sharp", "{9B5AC7F9-C3A1-4281-8A08-15774DA0E050}"
EndProject
Project("{9A19103F-16F7-4668-BE54-9A1E7A4F7556}") = "translator", "Labfiles\08-speech-translation\C-Sharp\translator\translator.csproj", "{E989352F-7877-4B02-9A4D-798173E1ED4F}"
EndProject
Global
	GlobalSection(SolutionConfigurationPlatforms) = preSolution
		Debug|Any CPU = Debug|Any CPU
		Release|Any CPU = Release|Any CPU
	EndGlobalSection
	GlobalSection(ProjectConfigurationPlatforms) = postSolution
		{34875A28-3B6D-450F-946E-E65BF3E111AD}.Debug|Any CPU.ActiveCfg = Debug|Any CPU
		{34875A28-3B6D-450F-946E-E65BF3E111AD}.Debug|Any CPU.Build.0 = Debug|Any CPU
		{34875A28-3B6D-450F-946E-E65BF3E111AD}.Release|Any CPU.ActiveCfg = Release|Any CPU
		{34875A28-3B6D-450F-946E-E65BF3E111AD}.Release|Any CPU.Build.0 = Release|Any CPU
		{5E58FD83-A1D7-4D64-B681-AE7ADD4D7545}.Debug|Any CPU.ActiveCfg = Debug|Any CPU
		{5E58FD83-A1D7-4D64-B681-AE7ADD4D7545}.Debug|Any CPU.Build.0 = Debug|Any CPU
		{5E58FD83-A1D7-4D64-B681-AE7ADD4D7545}.Release|Any CPU.ActiveCfg = Release|Any CPU
		{5E58FD83-A1D7-4D64-B681-AE7ADD4D7545}.Release|Any CPU.Build.0 = Release|Any CPU
		{FF8E0641-5F83-4AED-83C8-1BEDAAA7BA80}.Debug|Any CPU.ActiveCfg = Debug|Any CPU
		{FF8E0641-5F83-4AED-83C8-1BEDAAA7BA80}.Debug|Any CPU.Build.0 = Debug|Any CPU
		{FF8E0641-5F83-4AED-83C8-1BEDAAA7BA80}.Release|Any CPU.ActiveCfg = Release|Any CPU
		{FF8E0641-5F83-4AED-83C8-1BEDAAA7BA80}.Release|Any CPU.Build.0 = Release|Any CPU
		{05728443-7A5E-4C1B-AB25-F5D64CF54A85}.Debug|Any CPU.ActiveCfg = Debug|Any CPU
		{05728443-7A5E-4C1B-AB25-F5D64CF54A85}.Debug|Any CPU.Build.0 = Debug|Any CPU
		{05728443-7A5E-4C1B-AB25-F5D64CF54A85}.Release|Any CPU.ActiveCfg = Release|Any CPU
		{05728443-7A5E-4C1B-AB25-F5D64CF54A85}.Release|Any CPU.Build.0 = Release|Any CPU
		{BF504BFB-14F6-4987-A9CF-D39F5633A52A}.Debug|Any CPU.ActiveCfg = Debug|Any CPU
		{BF504BFB-14F6-4987-A9CF-D39F5633A52A}.Debug|Any CPU.Build.0 = Debug|Any CPU
		{BF504BFB-14F6-4987-A9CF-D39F5633A52A}.Release|Any CPU.ActiveCfg = Release|Any CPU
		{BF504BFB-14F6-4987-A9CF-D39F5633A52A}.Release|Any CPU.Build.0 = Release|Any CPU
		{B77C8178-2A79-43BE-9C10-E972CB5076E5}.Debug|Any CPU.ActiveCfg = Debug|Any CPU
		{B77C8178-2A79-43BE-9C10-E972CB5076E5}.Debug|Any CPU.Build.0 = Debug|Any CPU
		{B77C8178-2A79-43BE-9C10-E972CB5076E5}.Release|Any CPU.ActiveCfg = Release|Any CPU
		{B77C8178-2A79-43BE-9C10-E972CB5076E5}.Release|Any CPU.Build.0 = Release|Any CPU
		{5476E8E7-B6DD-4712-BE4C-7F89DC5A8AD1}.Debug|Any CPU.ActiveCfg = Debug|Any CPU
		{5476E8E7-B6DD-4712-BE4C-7F89DC5A8AD1}.Debug|Any CPU.Build.0 = Debug|Any CPU
		{5476E8E7-B6DD-4712-BE4C-7F89DC5A8AD1}.Release|Any CPU.ActiveCfg = Release|Any CPU
		{5476E8E7-B6DD-4712-BE4C-7F89DC5A8AD1}.Release|Any CPU.Build.0 = Release|Any CPU
		{48163781-6904-45D4-AFCE-68277A06715A}.Debug|Any CPU.ActiveCfg = Debug|Any CPU
		{48163781-6904-45D4-AFCE-68277A06715A}.Debug|Any CPU.Build.0 = Debug|Any CPU
		{48163781-6904-45D4-AFCE-68277A06715A}.Release|Any CPU.ActiveCfg = Release|Any CPU
		{48163781-6904-45D4-AFCE-68277A06715A}.Release|Any CPU.Build.0 = Release|Any CPU
		{E989352F-7877-4B02-9A4D-798173E1ED4F}.Debug|Any CPU.ActiveCfg = Debug|Any CPU
		{E989352F-7877-4B02-9A4D-798173E1ED4F}.Debug|Any CPU.Build.0 = Debug|Any CPU
		{E989352F-7877-4B02-9A4D-798173E1ED4F}.Release|Any CPU.ActiveCfg = Release|Any CPU
		{E989352F-7877-4B02-9A4D-798173E1ED4F}.Release|Any CPU.Build.0 = Release|Any CPU
	EndGlobalSection
	GlobalSection(SolutionProperties) = preSolution
		HideSolutionNode = FALSE
	EndGlobalSection
	GlobalSection(NestedProjects) = preSolution
		{136A8647-6ACB-4E4A-8D3D-BE4521C6480B} = {F5C0FF28-834E-4C7F-97F8-D3AFAAC0C0C2}
		{11E5D39F-B101-4814-973E-8C4B83C2F295} = {136A8647-6ACB-4E4A-8D3D-BE4521C6480B}
		{34875A28-3B6D-450F-946E-E65BF3E111AD} = {11E5D39F-B101-4814-973E-8C4B83C2F295}
		{3A5F823D-B59D-45EB-BC45-EF40463F62F8} = {F5C0FF28-834E-4C7F-97F8-D3AFAAC0C0C2}
		{CB068502-02D5-4A09-BE17-E3CFD3E5ADDB} = {3A5F823D-B59D-45EB-BC45-EF40463F62F8}
		{5E58FD83-A1D7-4D64-B681-AE7ADD4D7545} = {CB068502-02D5-4A09-BE17-E3CFD3E5ADDB}
		{BAE839BB-723C-4737-A0DF-7EE928C430C4} = {F5C0FF28-834E-4C7F-97F8-D3AFAAC0C0C2}
		{0949FD13-A394-4066-94D9-95A0EB50513A} = {BAE839BB-723C-4737-A0DF-7EE928C430C4}
		{FF8E0641-5F83-4AED-83C8-1BEDAAA7BA80} = {0949FD13-A394-4066-94D9-95A0EB50513A}
		{D876A495-D7F2-448F-805C-2341C4241D6E} = {F5C0FF28-834E-4C7F-97F8-D3AFAAC0C0C2}
		{DD1F7792-7FD6-4FEB-A7CD-C35B0DA7CB6C} = {D876A495-D7F2-448F-805C-2341C4241D6E}
		{05728443-7A5E-4C1B-AB25-F5D64CF54A85} = {DD1F7792-7FD6-4FEB-A7CD-C35B0DA7CB6C}
		{3433C65F-B7D1-4D48-A11F-9E249BC4B476} = {F5C0FF28-834E-4C7F-97F8-D3AFAAC0C0C2}
		{45535B44-88CF-474A-963E-537D83C6BDB1} = {3433C65F-B7D1-4D48-A11F-9E249BC4B476}
		{BF504BFB-14F6-4987-A9CF-D39F5633A52A} = {45535B44-88CF-474A-963E-537D83C6BDB1}
		{2E1B3C2C-10FA-4AC3-BE42-58A1B9D07869} = {F5C0FF28-834E-4C7F-97F8-D3AFAAC0C0C2}
		{18E88E4F-8E41-4827-9010-63DC9D7B1473} = {2E1B3C2C-10FA-4AC3-BE42-58A1B9D07869}
		{B77C8178-2A79-43BE-9C10-E972CB5076E5} = {18E88E4F-8E41-4827-9010-63DC9D7B1473}
		{66D12E46-B782-4A9F-8024-272EDEFD0C03} = {F5C0FF28-834E-4C7F-97F8-D3AFAAC0C0C2}
		{F82EB98D-2056-4020-8200-367F53151AE0} = {66D12E46-B782-4A9F-8024-272EDEFD0C03}
		{5476E8E7-B6DD-4712-BE4C-7F89DC5A8AD1} = {F82EB98D-2056-4020-8200-367F53151AE0}
		{25D53A17-7B57-4A08-802E-51A9B16C2A9C} = {F5C0FF28-834E-4C7F-97F8-D3AFAAC0C0C2}
		{2FB0BB23-6CCC-49DB-A41A-E5D5F8205386} = {25D53A17-7B57-4A08-802E-51A9B16C2A9C}
		{48163781-6904-45D4-AFCE-68277A06715A} = {2FB0BB23-6CCC-49DB-A41A-E5D5F8205386}
		{776BDBF1-39DF-4C20-A52D-BC5B4CE06D91} = {F5C0FF28-834E-4C7F-97F8-D3AFAAC0C0C2}
		{9B5AC7F9-C3A1-4281-8A08-15774DA0E050} = {776BDBF1-39DF-4C20-A52D-BC5B4CE06D91}
		{E989352F-7877-4B02-9A4D-798173E1ED4F} = {9B5AC7F9-C3A1-4281-8A08-15774DA0E050}
	EndGlobalSection
	GlobalSection(ExtensibilityGlobals) = postSolution
		SolutionGuid = {00C22111-4667-4385-83FD-C66D9FFCDD1D}
	EndGlobalSection
EndGlobal
